
Microsoft Visual Studio Solution File, Format Version 12.00
# Visual Studio Version 16
VisualStudioVersion = 16.0.30709.132
MinimumVisualStudioVersion = 10.0.40219.1
Project("{9A19103F-16F7-4668-BE54-9A1E7A4F7556}") = "DotNetCoreExample", "DotNetCoreExample.csproj", "{1AE57F7A-44F8-4EF4-A547-F55A887618A8}"
EndProject
Global
	GlobalSection(SolutionConfigurationPlatforms) = preSolution
		Debug|Any CPU = Debug|Any CPU
		Release|Any CPU = Release|Any CPU
	EndGlobalSection
	GlobalSection(ProjectConfigurationPlatforms) = postSolution
		{1AE57F7A-44F8-4EF4-A547-F55A887618A8}.Debug|Any CPU.ActiveCfg = Debug|Any CPU
		{1AE57F7A-44F8-4EF4-A547-F55A887618A8}.Debug|Any CPU.Build.0 = Debug|Any CPU
		{1AE57F7A-44F8-4EF4-A547-F55A887618A8}.Release|Any CPU.ActiveCfg = Release|Any CPU
		{1AE57F7A-44F8-4EF4-A547-F55A887618A8}.Release|Any CPU.Build.0 = Release|Any CPU
	EndGlobalSection
	GlobalSection(SolutionProperties) = preSolution
		HideSolutionNode = FALSE
	EndGlobalSection
	GlobalSection(ExtensibilityGlobals) = postSolution
		SolutionGuid = {BEA12522-CD03-4376-AB4E-011312652382}
	EndGlobalSection
EndGlobal
